// !$*UTF8*$!
{
	archiveVersion = 1;
	classes = {
	};
	objectVersion = 77;
	objects = {

/* Begin PBXContainerItemProxy section */
		3A3270C62EF8757700039563 /* PBXContainerItemProxy */ = {
			isa = PBXContainerItemProxy;
			containerPortal = 3A3270B02EF8757500039563 /* Project object */;
			proxyType = 1;
			remoteGlobalIDString = 3A3270B72EF8757500039563;
			remoteInfo = YawLab;
		};
/* End PBXContainerItemProxy section */

/* Begin PBXFileReference section */
		3A3270B82EF8757600039563 /* YawLab.app */ = {isa = PBXFileReference; explicitFileType = wrapper.application; includeInIndex = 0; path = YawLab.app; sourceTree = BUILT_PRODUCTS_DIR; };
		3A3270C52EF8757700039563 /* YawLabTests.xctest */ = {isa = PBXFileReference; explicitFileType = wrapper.cfbundle; includeInIndex = 0; path = YawLabTests.xctest; sourceTree = BUILT_PRODUCTS_DIR; };
		3A47EBBC2F13D5AF00FAD69D /* libaero_core.a */ = {isa = PBXFileReference; lastKnownFileType = archive.ar; name = libaero_core.a; path = ../../packages/aero_core/build/libaero_core.a; sourceTree = "<group>"; };
/* End PBXFileReference section */

/* Begin PBXFileSystemSynchronizedRootGroup section */
		3A3270BA2EF8757600039563 /* YawLab */ = {
			isa = PBXFileSystemSynchronizedRootGroup;
			path = YawLab;
			sourceTree = "<group>";
		};
		3A3270C82EF8757700039563 /* YawLabTests */ = {
			isa = PBXFileSystemSynchronizedRootGroup;
			path = YawLabTests;
			sourceTree = "<group>";
		};
		3A47ECAD2F13D94000FAD69D /* Libraries */ = {
			isa = PBXFileSystemSynchronizedRootGroup;
			path = Libraries;
			sourceTree = "<group>";
		};
/* End PBXFileSystemSynchronizedRootGroup section */

/* Begin PBXFrameworksBuildPhase section */
		3A3270B52EF8757500039563 /* Frameworks */ = {
			isa = PBXFrameworksBuildPhase;
			buildActionMask = 2147483647;
			files = (
			);
			runOnlyForDeploymentPostprocessing = 0;
		};
		3A3270C22EF8757700039563 /* Frameworks */ = {
			isa = PBXFrameworksBuildPhase;
			buildActionMask = 2147483647;
			files = (
			);
			runOnlyForDeploymentPostprocessing = 0;
		};
/* End PBXFrameworksBuildPhase section */

/* Begin PBXGroup section */
		3A3270AF2EF8757500039563 = {
			isa = PBXGroup;
			children = (
				3A3270BA2EF8757600039563 /* YawLab */,
				3A3270C82EF8757700039563 /* YawLabTests */,
				3A47ECAD2F13D94000FAD69D /* Libraries */,
				3A3270B92EF8757600039563 /* Products */,
				3A47EBB42F13D0A600FAD69D /* Frameworks */,
			);
			sourceTree = "<group>";
		};
		3A3270B92EF8757600039563 /* Products */ = {
			isa = PBXGroup;
			children = (
				3A3270B82EF8757600039563 /* YawLab.app */,
				3A3270C52EF8757700039563 /* YawLabTests.xctest */,
			);
			name = Products;
			sourceTree = "<group>";
		};
		3A47EBB42F13D0A600FAD69D /* Frameworks */ = {
			isa = PBXGroup;
			children = (
				3A47EBBC2F13D5AF00FAD69D /* libaero_core.a */,
			);
			name = Frameworks;
			sourceTree = "<group>";
		};
/* End PBXGroup section */

/* Begin PBXNativeTarget section */
		3A3270B72EF8757500039563 /* YawLab */ = {
			isa = PBXNativeTarget;
			buildConfigurationList = 3A3270D92EF8757800039563 /* Build configuration list for PBXNativeTarget "YawLab" */;
			buildPhases = (
				3A3270B42EF8757500039563 /* Sources */,
				3A47EBBB2F13D2CA00FAD69D /* AeroCore build */,
				3A3270B52EF8757500039563 /* Frameworks */,
				3A3270B62EF8757500039563 /* Resources */,
			);
			buildRules = (
			);
			dependencies = (
			);
			fileSystemSynchronizedGroups = (
				3A3270BA2EF8757600039563 /* YawLab */,
				3A47ECAD2F13D94000FAD69D /* Libraries */,
			);
			name = YawLab;
			packageProductDependencies = (
			);
			productName = YawLab;
			productReference = 3A3270B82EF8757600039563 /* YawLab.app */;
			productType = "com.apple.product-type.application";
		};
		3A3270C42EF8757700039563 /* YawLabTests */ = {
			isa = PBXNativeTarget;
			buildConfigurationList = 3A3270DC2EF8757800039563 /* Build configuration list for PBXNativeTarget "YawLabTests" */;
			buildPhases = (
				3A3270C12EF8757700039563 /* Sources */,
				3A3270C22EF8757700039563 /* Frameworks */,
				3A3270C32EF8757700039563 /* Resources */,
			);
			buildRules = (
			);
			dependencies = (
				3A3270C72EF8757700039563 /* PBXTargetDependency */,
			);
			fileSystemSynchronizedGroups = (
				3A3270C82EF8757700039563 /* YawLabTests */,
			);
			name = YawLabTests;
			packageProductDependencies = (
			);
			productName = YawLabTests;
			productReference = 3A3270C52EF8757700039563 /* YawLabTests.xctest */;
			productType = "com.apple.product-type.bundle.unit-test";
		};
/* End PBXNativeTarget section */

/* Begin PBXProject section */
		3A3270B02EF8757500039563 /* Project object */ = {
			isa = PBXProject;
			attributes = {
				BuildIndependentTargetsInParallel = 1;
				LastSwiftUpdateCheck = 2600;
				LastUpgradeCheck = 2600;
				TargetAttributes = {
					3A3270B72EF8757500039563 = {
						CreatedOnToolsVersion = 26.0;
						LastSwiftMigration = 2600;
					};
					3A3270C42EF8757700039563 = {
						CreatedOnToolsVersion = 26.0;
						TestTargetID = 3A3270B72EF8757500039563;
					};
				};
			};
			buildConfigurationList = 3A3270B32EF8757500039563 /* Build configuration list for PBXProject "YawLab" */;
			developmentRegion = en;
			hasScannedForEncodings = 0;
			knownRegions = (
				en,
				Base,
			);
			mainGroup = 3A3270AF2EF8757500039563;
			minimizedProjectReferenceProxies = 1;
			preferredProjectObjectVersion = 77;
			productRefGroup = 3A3270B92EF8757600039563 /* Products */;
			projectDirPath = "";
			projectRoot = "";
			targets = (
				3A3270B72EF8757500039563 /* YawLab */,
				3A3270C42EF8757700039563 /* YawLabTests */,
			);
		};
/* End PBXProject section */

/* Begin PBXResourcesBuildPhase section */
		3A3270B62EF8757500039563 /* Resources */ = {
			isa = PBXResourcesBuildPhase;
			buildActionMask = 2147483647;
			files = (
			);
			runOnlyForDeploymentPostprocessing = 0;
		};
		3A3270C32EF8757700039563 /* Resources */ = {
			isa = PBXResourcesBuildPhase;
			buildActionMask = 2147483647;
			files = (
			);
			runOnlyForDeploymentPostprocessing = 0;
		};
/* End PBXResourcesBuildPhase section */

/* Begin PBXShellScriptBuildPhase section */
		3A47EBBB2F13D2CA00FAD69D /* AeroCore build */ = {
			isa = PBXShellScriptBuildPhase;
			alwaysOutOfDate = 1;
			buildActionMask = 12;
			files = (
			);
			inputFileListPaths = (
			);
			inputPaths = (
			);
			name = "AeroCore build";
			outputFileListPaths = (
			);
			outputPaths = (
			);
			runOnlyForDeploymentPostprocessing = 0;
			shellPath = /bin/sh;
			shellScript = "echo \"=== AeroCore: build has started ===\"\nset -e\ncd \"${SRCROOT}/../../packages/aero_core\"\nmake\necho \"=== AeroCore: build finished ===\"\n\necho \"=== AeroCore: Updating Obj-C bridge files ===\"\nDEST_DIR=\"${SRCROOT}/Libraries/AeroCore\"\nBINDINGS_DIR=\"${SRCROOT}/../../packages/aero_core/bindings\"\nFILES=(\n  \"AeroCoreBridge.h\"\n  \"AeroCoreBridge.mm\"\n)\n\nfor file in \"${FILES[@]}\"; do\n  SRC_FILE=\"${BINDINGS_DIR}/${file}\"\n  DEST_FILE=\"${DEST_DIR}/${file}\"\n\n  if [[ -f \"${SRC_FILE}\" ]]; then\n    echo \"Updating ${file}\"\n    cp -f \"${SRC_FILE}\" \"${DEST_FILE}\"\n  else\n    echo \"WARNING: Missing source file: ${SRC_FILE}\"\n  fi\ndone\n\necho \"=== AeroCore: Obj-C bridge update complete ===\"\necho \"=== AeroCore: Updating static library ===\"\n\nSTATIC_LIB_PATH=\"${SRCROOT}/../../packages/aero_core/build/libaero_core.a\"\nSTATIC_LIB_DEST=\"${SRCROOT}/Libraries/AeroCore/libaero_core.a\"\ncp -f \"${STATIC_LIB_PATH}\" \"${STATIC_LIB_DEST}\"\n\necho \"=== AeroCore: Finished updating static library ===\"\n";
		};
/* End PBXShellScriptBuildPhase section */

/* Begin PBXSourcesBuildPhase section */
		3A3270B42EF8757500039563 /* Sources */ = {
			isa = PBXSourcesBuildPhase;
			buildActionMask = 2147483647;
			files = (
			);
			runOnlyForDeploymentPostprocessing = 0;
		};
		3A3270C12EF8757700039563 /* Sources */ = {
			isa = PBXSourcesBuildPhase;
			buildActionMask = 2147483647;
			files = (
			);
			runOnlyForDeploymentPostprocessing = 0;
		};
/* End PBXSourcesBuildPhase section */

/* Begin PBXTargetDependency section */
		3A3270C72EF8757700039563 /* PBXTargetDependency */ = {
			isa = PBXTargetDependency;
			target = 3A3270B72EF8757500039563 /* YawLab */;
			targetProxy = 3A3270C62EF8757700039563 /* PBXContainerItemProxy */;
		};
/* End PBXTargetDependency section */

/* Begin XCBuildConfiguration section */
		3A3270D72EF8757800039563 /* Debug */ = {
			isa = XCBuildConfiguration;
			buildSettings = {
				ALWAYS_SEARCH_USER_PATHS = NO;
				ASSETCATALOG_COMPILER_GENERATE_SWIFT_ASSET_SYMBOL_EXTENSIONS = YES;
				CLANG_ANALYZER_NONNULL = YES;
				CLANG_ANALYZER_NUMBER_OBJECT_CONVERSION = YES_AGGRESSIVE;
				CLANG_CXX_LANGUAGE_STANDARD = "gnu++20";
				CLANG_ENABLE_MODULES = YES;
				CLANG_ENABLE_OBJC_ARC = YES;
				CLANG_ENABLE_OBJC_WEAK = YES;
				CLANG_WARN_BLOCK_CAPTURE_AUTORELEASING = YES;
				CLANG_WARN_BOOL_CONVERSION = YES;
				CLANG_WARN_COMMA = YES;
				CLANG_WARN_CONSTANT_CONVERSION = YES;
				CLANG_WARN_DEPRECATED_OBJC_IMPLEMENTATIONS = YES;
				CLANG_WARN_DIRECT_OBJC_ISA_USAGE = YES_ERROR;
				CLANG_WARN_DOCUMENTATION_COMMENTS = YES;
				CLANG_WARN_EMPTY_BODY = YES;
				CLANG_WARN_ENUM_CONVERSION = YES;
				CLANG_WARN_INFINITE_RECURSION = YES;
				CLANG_WARN_INT_CONVERSION = YES;
				CLANG_WARN_NON_LITERAL_NULL_CONVERSION = YES;
				CLANG_WARN_OBJC_IMPLICIT_RETAIN_SELF = YES;
				CLANG_WARN_OBJC_LITERAL_CONVERSION = YES;
				CLANG_WARN_OBJC_ROOT_CLASS = YES_ERROR;
				CLANG_WARN_QUOTED_INCLUDE_IN_FRAMEWORK_HEADER = YES;
				CLANG_WARN_RANGE_LOOP_ANALYSIS = YES;
				CLANG_WARN_STRICT_PROTOTYPES = YES;
				CLANG_WARN_SUSPICIOUS_MOVE = YES;
				CLANG_WARN_UNGUARDED_AVAILABILITY = YES_AGGRESSIVE;
				CLANG_WARN_UNREACHABLE_CODE = YES;
				CLANG_WARN__DUPLICATE_METHOD_MATCH = YES;
				COPY_PHASE_STRIP = NO;
				DEBUG_INFORMATION_FORMAT = dwarf;
				DEVELOPMENT_TEAM = 6SP8DWFZH2;
				ENABLE_STRICT_OBJC_MSGSEND = YES;
				ENABLE_TESTABILITY = YES;
				ENABLE_USER_SCRIPT_SANDBOXING = NO;
				GCC_C_LANGUAGE_STANDARD = gnu17;
				GCC_DYNAMIC_NO_PIC = NO;
				GCC_NO_COMMON_BLOCKS = YES;
				GCC_OPTIMIZATION_LEVEL = 0;
				GCC_PREPROCESSOR_DEFINITIONS = (
					"DEBUG=1",
					"$(inherited)",
				);
				GCC_WARN_64_TO_32_BIT_CONVERSION = YES;
				GCC_WARN_ABOUT_RETURN_TYPE = YES_ERROR;
				GCC_WARN_UNDECLARED_SELECTOR = YES;
				GCC_WARN_UNINITIALIZED_AUTOS = YES_AGGRESSIVE;
				GCC_WARN_UNUSED_FUNCTION = YES;
				GCC_WARN_UNUSED_VARIABLE = YES;
				HEADER_SEARCH_PATHS = (
					"$(SRCROOT)/../../packages/aero_core/bindings",
					"$(SRCROOT)/../../packages/aero_core/include",
				);
				LOCALIZATION_PREFERS_STRING_CATALOGS = YES;
				MACOSX_DEPLOYMENT_TARGET = 26.0;
				MTL_ENABLE_DEBUG_INFO = INCLUDE_SOURCE;
				MTL_FAST_MATH = YES;
				ONLY_ACTIVE_ARCH = YES;
				SDKROOT = macosx;
				SWIFT_ACTIVE_COMPILATION_CONDITIONS = "DEBUG $(inherited)";
				SWIFT_OPTIMIZATION_LEVEL = "-Onone";
			};
			name = Debug;
		};
		3A3270D82EF8757800039563 /* Release */ = {
			isa = XCBuildConfiguration;
			buildSettings = {
				ALWAYS_SEARCH_USER_PATHS = NO;
				ASSETCATALOG_COMPILER_GENERATE_SWIFT_ASSET_SYMBOL_EXTENSIONS = YES;
				CLANG_ANALYZER_NONNULL = YES;
				CLANG_ANALYZER_NUMBER_OBJECT_CONVERSION = YES_AGGRESSIVE;
				CLANG_CXX_LANGUAGE_STANDARD = "gnu++20";
				CLANG_ENABLE_MODULES = YES;
				CLANG_ENABLE_OBJC_ARC = YES;
				CLANG_ENABLE_OBJC_WEAK = YES;
				CLANG_WARN_BLOCK_CAPTURE_AUTORELEASING = YES;
				CLANG_WARN_BOOL_CONVERSION = YES;
				CLANG_WARN_COMMA = YES;
				CLANG_WARN_CONSTANT_CONVERSION = YES;
				CLANG_WARN_DEPRECATED_OBJC_IMPLEMENTATIONS = YES;
				CLANG_WARN_DIRECT_OBJC_ISA_USAGE = YES_ERROR;
				CLANG_WARN_DOCUMENTATION_COMMENTS = YES;
				CLANG_WARN_EMPTY_BODY = YES;
				CLANG_WARN_ENUM_CONVERSION = YES;
				CLANG_WARN_INFINITE_RECURSION = YES;
				CLANG_WARN_INT_CONVERSION = YES;
				CLANG_WARN_NON_LITERAL_NULL_CONVERSION = YES;
				CLANG_WARN_OBJC_IMPLICIT_RETAIN_SELF = YES;
				CLANG_WARN_OBJC_LITERAL_CONVERSION = YES;
				CLANG_WARN_OBJC_ROOT_CLASS = YES_ERROR;
				CLANG_WARN_QUOTED_INCLUDE_IN_FRAMEWORK_HEADER = YES;
				CLANG_WARN_RANGE_LOOP_ANALYSIS = YES;
				CLANG_WARN_STRICT_PROTOTYPES = YES;
				CLANG_WARN_SUSPICIOUS_MOVE = YES;
				CLANG_WARN_UNGUARDED_AVAILABILITY = YES_AGGRESSIVE;
				CLANG_WARN_UNREACHABLE_CODE = YES;
				CLANG_WARN__DUPLICATE_METHOD_MATCH = YES;
				COPY_PHASE_STRIP = NO;
				DEBUG_INFORMATION_FORMAT = "dwarf-with-dsym";
				DEVELOPMENT_TEAM = 6SP8DWFZH2;
				ENABLE_NS_ASSERTIONS = NO;
				ENABLE_STRICT_OBJC_MSGSEND = YES;
				ENABLE_USER_SCRIPT_SANDBOXING = NO;
				GCC_C_LANGUAGE_STANDARD = gnu17;
				GCC_NO_COMMON_BLOCKS = YES;
				GCC_WARN_64_TO_32_BIT_CONVERSION = YES;
				GCC_WARN_ABOUT_RETURN_TYPE = YES_ERROR;
				GCC_WARN_UNDECLARED_SELECTOR = YES;
				GCC_WARN_UNINITIALIZED_AUTOS = YES_AGGRESSIVE;
				GCC_WARN_UNUSED_FUNCTION = YES;
				GCC_WARN_UNUSED_VARIABLE = YES;
				HEADER_SEARCH_PATHS = (
					"$(SRCROOT)/../../packages/aero_core/bindings",
					"$(SRCROOT)/../../packages/aero_core/include",
				);
				LOCALIZATION_PREFERS_STRING_CATALOGS = YES;
				MACOSX_DEPLOYMENT_TARGET = 26.0;
				MTL_ENABLE_DEBUG_INFO = NO;
				MTL_FAST_MATH = YES;
				SDKROOT = macosx;
				SWIFT_COMPILATION_MODE = wholemodule;
			};
			name = Release;
		};
		3A3270DA2EF8757800039563 /* Debug */ = {
			isa = XCBuildConfiguration;
			buildSettings = {
				ASSETCATALOG_COMPILER_APPICON_NAME = AppIcon;
				ASSETCATALOG_COMPILER_GLOBAL_ACCENT_COLOR_NAME = AccentColor;
				CLANG_ENABLE_MODULES = YES;
				CODE_SIGN_STYLE = Automatic;
				COMBINE_HIDPI_IMAGES = YES;
				CURRENT_PROJECT_VERSION = 1;
				DEVELOPMENT_TEAM = 6SP8DWFZH2;
				ENABLE_APP_SANDBOX = YES;
				ENABLE_HARDENED_RUNTIME = YES;
				ENABLE_PREVIEWS = YES;
				ENABLE_USER_SELECTED_FILES = readonly;
				GENERATE_INFOPLIST_FILE = YES;
				INFOPLIST_KEY_NSHumanReadableCopyright = "";
				LD_RUNPATH_SEARCH_PATHS = (
					"$(inherited)",
					"@executable_path/../Frameworks",
				);
				LIBRARY_SEARCH_PATHS = (
					"$(inherited)",
					"$(PROJECT_DIR)/Libraries",
					"$(PROJECT_DIR)/Libraries/AeroCore",
					"$(PROJECT_DIR)/Libraries\\ 2/AeroCore",
				);
				MARKETING_VERSION = 1.0;
				PRODUCT_BUNDLE_IDENTIFIER = com.viktorban.YawLab;
				PRODUCT_NAME = "$(TARGET_NAME)";
				REGISTER_APP_GROUPS = YES;
				STRING_CATALOG_GENERATE_SYMBOLS = YES;
				SWIFT_APPROACHABLE_CONCURRENCY = YES;
				SWIFT_DEFAULT_ACTOR_ISOLATION = MainActor;
				SWIFT_EMIT_LOC_STRINGS = YES;
				SWIFT_OBJC_BRIDGING_HEADER = "Libraries/YawLab-Bridging-Header.h";
				SWIFT_OPTIMIZATION_LEVEL = "-Onone";
				SWIFT_UPCOMING_FEATURE_MEMBER_IMPORT_VISIBILITY = YES;
				SWIFT_VERSION = 5.0;
			};
			name = Debug;
		};
		3A3270DB2EF8757800039563 /* Release */ = {
			isa = XCBuildConfiguration;
			buildSettings = {
				ASSETCATALOG_COMPILER_APPICON_NAME = AppIcon;
				ASSETCATALOG_COMPILER_GLOBAL_ACCENT_COLOR_NAME = AccentColor;
				CLANG_ENABLE_MODULES = YES;
				CODE_SIGN_STYLE = Automatic;
				COMBINE_HIDPI_IMAGES = YES;
				CURRENT_PROJECT_VERSION = 1;
				DEVELOPMENT_TEAM = 6SP8DWFZH2;
				ENABLE_APP_SANDBOX = YES;
				ENABLE_HARDENED_RUNTIME = YES;
				ENABLE_PREVIEWS = YES;
				ENABLE_USER_SELECTED_FILES = readonly;
				GENERATE_INFOPLIST_FILE = YES;
				INFOPLIST_KEY_NSHumanReadableCopyright = "";
				LD_RUNPATH_SEARCH_PATHS = (
					"$(inherited)",
					"@executable_path/../Frameworks",
				);
				LIBRARY_SEARCH_PATHS = (
					"$(inherited)",
					"$(PROJECT_DIR)/Libraries",
					"$(PROJECT_DIR)/Libraries/AeroCore",
					"$(PROJECT_DIR)/Libraries\\ 2/AeroCore",
				);
				MARKETING_VERSION = 1.0;
				PRODUCT_BUNDLE_IDENTIFIER = com.viktorban.YawLab;
				PRODUCT_NAME = "$(TARGET_NAME)";
				REGISTER_APP_GROUPS = YES;
				STRING_CATALOG_GENERATE_SYMBOLS = YES;
				SWIFT_APPROACHABLE_CONCURRENCY = YES;
				SWIFT_DEFAULT_ACTOR_ISOLATION = MainActor;
				SWIFT_EMIT_LOC_STRINGS = YES;
				SWIFT_OBJC_BRIDGING_HEADER = "Libraries/YawLab-Bridging-Header.h";
				SWIFT_UPCOMING_FEATURE_MEMBER_IMPORT_VISIBILITY = YES;
				SWIFT_VERSION = 5.0;
			};
			name = Release;
		};
		3A3270DD2EF8757800039563 /* Debug */ = {
			isa = XCBuildConfiguration;
			buildSettings = {
				BUNDLE_LOADER = "$(TEST_HOST)";
				CODE_SIGN_STYLE = Automatic;
				CURRENT_PROJECT_VERSION = 1;
				DEVELOPMENT_TEAM = 6SP8DWFZH2;
				GENERATE_INFOPLIST_FILE = YES;
				MACOSX_DEPLOYMENT_TARGET = 26.0;
				MARKETING_VERSION = 1.0;
				PRODUCT_BUNDLE_IDENTIFIER = com.viktorban.YawLabTests;
				PRODUCT_NAME = "$(TARGET_NAME)";
				STRING_CATALOG_GENERATE_SYMBOLS = NO;
				SWIFT_APPROACHABLE_CONCURRENCY = YES;
				SWIFT_EMIT_LOC_STRINGS = NO;
				SWIFT_UPCOMING_FEATURE_MEMBER_IMPORT_VISIBILITY = YES;
				SWIFT_VERSION = 5.0;
				TEST_HOST = "$(BUILT_PRODUCTS_DIR)/YawLab.app/$(BUNDLE_EXECUTABLE_FOLDER_PATH)/YawLab";
			};
			name = Debug;
		};
		3A3270DE2EF8757800039563 /* Release */ = {
			isa = XCBuildConfiguration;
			buildSettings = {
				BUNDLE_LOADER = "$(TEST_HOST)";
				CODE_SIGN_STYLE = Automatic;
				CURRENT_PROJECT_VERSION = 1;
				DEVELOPMENT_TEAM = 6SP8DWFZH2;
				GENERATE_INFOPLIST_FILE = YES;
				MACOSX_DEPLOYMENT_TARGET = 26.0;
				MARKETING_VERSION = 1.0;
				PRODUCT_BUNDLE_IDENTIFIER = com.viktorban.YawLabTests;
				PRODUCT_NAME = "$(TARGET_NAME)";
				STRING_CATALOG_GENERATE_SYMBOLS = NO;
				SWIFT_APPROACHABLE_CONCURRENCY = YES;
				SWIFT_EMIT_LOC_STRINGS = NO;
				SWIFT_UPCOMING_FEATURE_MEMBER_IMPORT_VISIBILITY = YES;
				SWIFT_VERSION = 5.0;
				TEST_HOST = "$(BUILT_PRODUCTS_DIR)/YawLab.app/$(BUNDLE_EXECUTABLE_FOLDER_PATH)/YawLab";
			};
			name = Release;
		};
/* End XCBuildConfiguration section */

/* Begin XCConfigurationList section */
		3A3270B32EF8757500039563 /* Build configuration list for PBXProject "YawLab" */ = {
			isa = XCConfigurationList;
			buildConfigurations = (
				3A3270D72EF8757800039563 /* Debug */,
				3A3270D82EF8757800039563 /* Release */,
			);
			defaultConfigurationIsVisible = 0;
			defaultConfigurationName = Release;
		};
		3A3270D92EF8757800039563 /* Build configuration list for PBXNativeTarget "YawLab" */ = {
			isa = XCConfigurationList;
			buildConfigurations = (
				3A3270DA2EF8757800039563 /* Debug */,
				3A3270DB2EF8757800039563 /* Release */,
			);
			defaultConfigurationIsVisible = 0;
			defaultConfigurationName = Release;
		};
		3A3270DC2EF8757800039563 /* Build configuration list for PBXNativeTarget "YawLabTests" */ = {
			isa = XCConfigurationList;
			buildConfigurations = (
				3A3270DD2EF8757800039563 /* Debug */,
				3A3270DE2EF8757800039563 /* Release */,
			);
			defaultConfigurationIsVisible = 0;
			defaultConfigurationName = Release;
		};
/* End XCConfigurationList section */
	};
	rootObject = 3A3270B02EF8757500039563 /* Project object */;
}
